
Microsoft Visual Studio Solution File, Format Version 12.00
# Visual Studio Version 17
VisualStudioVersion = 17.14.37111.16 d17.14
MinimumVisualStudioVersion = 10.0.40219.1
Project("{8BC9CEB8-8B4A-11D0-8D11-00A0C91BC942}") = "API_hooker_for_specified_process", "API_hooker_for_specified_process.vcxproj", "{8D2469DA-DAB5-447D-95A3-97945ECCDE77}"
EndProject
Global
	GlobalSection(SolutionConfigurationPlatforms) = preSolution
		Debug|x64 = Debug|x64
		Debug|x86 = Debug|x86
		Release|x64 = Release|x64
		Release|x86 = Release|x86
	EndGlobalSection
	GlobalSection(ProjectConfigurationPlatforms) = postSolution
		{8D2469DA-DAB5-447D-95A3-97945ECCDE77}.Debug|x64.ActiveCfg = Debug|x64
		{8D2469DA-DAB5-447D-95A3-97945ECCDE77}.Debug|x64.Build.0 = Debug|x64
		{8D2469DA-DAB5-447D-95A3-97945ECCDE77}.Debug|x86.ActiveCfg = Debug|Win32
		{8D2469DA-DAB5-447D-95A3-97945ECCDE77}.Debug|x86.Build.0 = Debug|Win32
		{8D2469DA-DAB5-447D-95A3-97945ECCDE77}.Release|x64.ActiveCfg = Release|x64
		{8D2469DA-DAB5-447D-95A3-97945ECCDE77}.Release|x64.Build.0 = Release|x64
		{8D2469DA-DAB5-447D-95A3-97945ECCDE77}.Release|x86.ActiveCfg = Release|Win32
		{8D2469DA-DAB5-447D-95A3-97945ECCDE77}.Release|x86.Build.0 = Release|Win32
	EndGlobalSection
	GlobalSection(SolutionProperties) = preSolution
		HideSolutionNode = FALSE
	EndGlobalSection
	GlobalSection(ExtensibilityGlobals) = postSolution
		SolutionGuid = {6DB7A22E-7061-4411-B876-A479B6B9F222}
	EndGlobalSection
EndGlobal
